
Microsoft Visual Studio Solution File, Format Version 12.00
# Visual Studio Version 16
VisualStudioVersion = 16.0.34407.143
MinimumVisualStudioVersion = 10.0.40219.1
Project("{FAE04EC0-301F-11D3-BF4B-00C04F79EFBC}") = "Examen2", "Examen2.csproj", "{AC772BFB-27BD-4A5E-854A-17F9FDF98588}"
EndProject
Global
	GlobalSection(SolutionConfigurationPlatforms) = preSolution
		Debug|Any CPU = Debug|Any CPU
		Release|Any CPU = Release|Any CPU
	EndGlobalSection
	GlobalSection(ProjectConfigurationPlatforms) = postSolution
		{AC772BFB-27BD-4A5E-854A-17F9FDF98588}.Debug|Any CPU.ActiveCfg = Debug|Any CPU
		{AC772BFB-27BD-4A5E-854A-17F9FDF98588}.Debug|Any CPU.Build.0 = Debug|Any CPU
		{AC772BFB-27BD-4A5E-854A-17F9FDF98588}.Release|Any CPU.ActiveCfg = Release|Any CPU
		{AC772BFB-27BD-4A5E-854A-17F9FDF98588}.Release|Any CPU.Build.0 = Release|Any CPU
	EndGlobalSection
	GlobalSection(SolutionProperties) = preSolution
		HideSolutionNode = FALSE
	EndGlobalSection
	GlobalSection(ExtensibilityGlobals) = postSolution
		SolutionGuid = {3C224CC4-ADF3-4458-A6B8-222ACFBE683C}
	EndGlobalSection
EndGlobal
